
Microsoft Visual Studio Solution File, Format Version 12.00
# Visual Studio 15
VisualStudioVersion = 15.0.28010.2026
MinimumVisualStudioVersion = 10.0.40219.1
Project("{FAE04EC0-301F-11D3-BF4B-00C04F79EFBC}") = "Test5_1", "Test5_1\Test5_1.csproj", "{16853D9D-C3FC-4F0C-B185-465FCF900688}"
EndProject
Global
	GlobalSection(SolutionConfigurationPlatforms) = preSolution
		Debug|Any CPU = Debug|Any CPU
		Release|Any CPU = Release|Any CPU
	EndGlobalSection
	GlobalSection(ProjectConfigurationPlatforms) = postSolution
		{16853D9D-C3FC-4F0C-B185-465FCF900688}.Debug|Any CPU.ActiveCfg = Debug|Any CPU
		{16853D9D-C3FC-4F0C-B185-465FCF900688}.Debug|Any CPU.Build.0 = Debug|Any CPU
		{16853D9D-C3FC-4F0C-B185-465FCF900688}.Release|Any CPU.ActiveCfg = Release|Any CPU
		{16853D9D-C3FC-4F0C-B185-465FCF900688}.Release|Any CPU.Build.0 = Release|Any CPU
	EndGlobalSection
	GlobalSection(SolutionProperties) = preSolution
		HideSolutionNode = FALSE
	EndGlobalSection
	GlobalSection(ExtensibilityGlobals) = postSolution
		SolutionGuid = {92EB9F0C-459A-4CE4-9393-609E29A9ED5E}
	EndGlobalSection
EndGlobal
